
Microsoft Visual Studio Solution File, Format Version 12.00
# Visual Studio Version 16
VisualStudioVersion = 16.0.30804.86
MinimumVisualStudioVersion = 10.0.40219.1
Project("{9A19103F-16F7-4668-BE54-9A1E7A4F7556}") = "Common.APIGateway.Grpc", "Common.APIGateway.Grpc\Common.APIGateway.Grpc.csproj", "{4F66E266-1AB7-4229-8668-F7293D377195}"
EndProject
Project("{FAE04EC0-301F-11D3-BF4B-00C04F79EFBC}") = "Server.APIGateway.Grpc", "Server.APIGateway.Grpc\Server.APIGateway.Grpc.csproj", "{21BB5E72-1B49-48E9-B296-20351036737D}"
EndProject
Project("{FAE04EC0-301F-11D3-BF4B-00C04F79EFBC}") = "Client.APIGateway.Grpc", "Client.APIGateway.Grpc\Client.APIGateway.Grpc.csproj", "{188249B0-464F-4234-8AA9-460A2AC582CB}"
EndProject
Global
	GlobalSection(SolutionConfigurationPlatforms) = preSolution
		Debug|Any CPU = Debug|Any CPU
		Release|Any CPU = Release|Any CPU
	EndGlobalSection
	GlobalSection(ProjectConfigurationPlatforms) = postSolution
		{4F66E266-1AB7-4229-8668-F7293D377195}.Debug|Any CPU.ActiveCfg = Debug|Any CPU
		{4F66E266-1AB7-4229-8668-F7293D377195}.Debug|Any CPU.Build.0 = Debug|Any CPU
		{4F66E266-1AB7-4229-8668-F7293D377195}.Release|Any CPU.ActiveCfg = Release|Any CPU
		{4F66E266-1AB7-4229-8668-F7293D377195}.Release|Any CPU.Build.0 = Release|Any CPU
		{21BB5E72-1B49-48E9-B296-20351036737D}.Debug|Any CPU.ActiveCfg = Debug|Any CPU
		{21BB5E72-1B49-48E9-B296-20351036737D}.Debug|Any CPU.Build.0 = Debug|Any CPU
		{21BB5E72-1B49-48E9-B296-20351036737D}.Release|Any CPU.ActiveCfg = Release|Any CPU
		{21BB5E72-1B49-48E9-B296-20351036737D}.Release|Any CPU.Build.0 = Release|Any CPU
		{188249B0-464F-4234-8AA9-460A2AC582CB}.Debug|Any CPU.ActiveCfg = Debug|Any CPU
		{188249B0-464F-4234-8AA9-460A2AC582CB}.Debug|Any CPU.Build.0 = Debug|Any CPU
		{188249B0-464F-4234-8AA9-460A2AC582CB}.Release|Any CPU.ActiveCfg = Release|Any CPU
		{188249B0-464F-4234-8AA9-460A2AC582CB}.Release|Any CPU.Build.0 = Release|Any CPU
	EndGlobalSection
	GlobalSection(SolutionProperties) = preSolution
		HideSolutionNode = FALSE
	EndGlobalSection
	GlobalSection(ExtensibilityGlobals) = postSolution
		SolutionGuid = {02D16871-A201-4EF0-9218-0EBA51B9E6DC}
	EndGlobalSection
EndGlobal
